// !$*UTF8*$!
{
	archiveVersion = 1;
	classes = {
	};
	objectVersion = 56;
	objects = {

/* Begin PBXBuildFile section */
		6959343D2A508E9E00241180 /* OnBoardingView.swift in Sources */ = {isa = PBXBuildFile; fileRef = 6959343C2A508E9E00241180 /* OnBoardingView.swift */; };
		698195452A37709300ED0529 /* SettingsView.swift in Sources */ = {isa = PBXBuildFile; fileRef = 698195442A37709300ED0529 /* SettingsView.swift */; };
		698195472A388E3000ED0529 /* MatchedView.swift in Sources */ = {isa = PBXBuildFile; fileRef = 698195462A388E3000ED0529 /* MatchedView.swift */; };
		699F4EE12A277E3C0068FEB1 /* TESTApp.swift in Sources */ = {isa = PBXBuildFile; fileRef = 699F4EE02A277E3C0068FEB1 /* TESTApp.swift */; };
		699F4EE32A277E3C0068FEB1 /* ContentView.swift in Sources */ = {isa = PBXBuildFile; fileRef = 699F4EE22A277E3C0068FEB1 /* ContentView.swift */; };
		699F4EE52A277E3D0068FEB1 /* Assets.xcassets in Resources */ = {isa = PBXBuildFile; fileRef = 699F4EE42A277E3D0068FEB1 /* Assets.xcassets */; };
		699F4EE82A277E3D0068FEB1 /* Preview Assets.xcassets in Resources */ = {isa = PBXBuildFile; fileRef = 699F4EE72A277E3D0068FEB1 /* Preview Assets.xcassets */; };
		69E073642A51702E00D9414A /* AnimationCircle.swift in Sources */ = {isa = PBXBuildFile; fileRef = 69E073632A51702E00D9414A /* AnimationCircle.swift */; };
		69E073662A5176CA00D9414A /* SettingsViewLabelView.swift in Sources */ = {isa = PBXBuildFile; fileRef = 69E073652A5176CA00D9414A /* SettingsViewLabelView.swift */; };
		69E073682A5178DF00D9414A /* HistoryVIew.swift in Sources */ = {isa = PBXBuildFile; fileRef = 69E073672A5178DF00D9414A /* HistoryVIew.swift */; };
		69E0736A2A51791000D9414A /* HistoryViewLabel.swift in Sources */ = {isa = PBXBuildFile; fileRef = 69E073692A51791000D9414A /* HistoryViewLabel.swift */; };
/* End PBXBuildFile section */

/* Begin PBXFileReference section */
		6959343C2A508E9E00241180 /* OnBoardingView.swift */ = {isa = PBXFileReference; lastKnownFileType = sourcecode.swift; path = OnBoardingView.swift; sourceTree = "<group>"; };
		698195442A37709300ED0529 /* SettingsView.swift */ = {isa = PBXFileReference; lastKnownFileType = sourcecode.swift; path = SettingsView.swift; sourceTree = "<group>"; };
		698195462A388E3000ED0529 /* MatchedView.swift */ = {isa = PBXFileReference; lastKnownFileType = sourcecode.swift; path = MatchedView.swift; sourceTree = "<group>"; };
		699F4EDD2A277E3C0068FEB1 /* TEST.app */ = {isa = PBXFileReference; explicitFileType = wrapper.application; includeInIndex = 0; path = TEST.app; sourceTree = BUILT_PRODUCTS_DIR; };
		699F4EE02A277E3C0068FEB1 /* TESTApp.swift */ = {isa = PBXFileReference; lastKnownFileType = sourcecode.swift; path = TESTApp.swift; sourceTree = "<group>"; };
		699F4EE22A277E3C0068FEB1 /* ContentView.swift */ = {isa = PBXFileReference; lastKnownFileType = sourcecode.swift; path = ContentView.swift; sourceTree = "<group>"; };
		699F4EE42A277E3D0068FEB1 /* Assets.xcassets */ = {isa = PBXFileReference; lastKnownFileType = folder.assetcatalog; path = Assets.xcassets; sourceTree = "<group>"; };
		699F4EE72A277E3D0068FEB1 /* Preview Assets.xcassets */ = {isa = PBXFileReference; lastKnownFileType = folder.assetcatalog; path = "Preview Assets.xcassets"; sourceTree = "<group>"; };
		69E073632A51702E00D9414A /* AnimationCircle.swift */ = {isa = PBXFileReference; lastKnownFileType = sourcecode.swift; path = AnimationCircle.swift; sourceTree = "<group>"; };
		69E073652A5176CA00D9414A /* SettingsViewLabelView.swift */ = {isa = PBXFileReference; lastKnownFileType = sourcecode.swift; path = SettingsViewLabelView.swift; sourceTree = "<group>"; };
		69E073672A5178DF00D9414A /* HistoryVIew.swift */ = {isa = PBXFileReference; lastKnownFileType = sourcecode.swift; path = HistoryVIew.swift; sourceTree = "<group>"; };
		69E073692A51791000D9414A /* HistoryViewLabel.swift */ = {isa = PBXFileReference; lastKnownFileType = sourcecode.swift; path = HistoryViewLabel.swift; sourceTree = "<group>"; };
/* End PBXFileReference section */

/* Begin PBXFrameworksBuildPhase section */
		699F4EDA2A277E3C0068FEB1 /* Frameworks */ = {
			isa = PBXFrameworksBuildPhase;
			buildActionMask = 2147483647;
			files = (
			);
			runOnlyForDeploymentPostprocessing = 0;
		};
/* End PBXFrameworksBuildPhase section */

/* Begin PBXGroup section */
		699F4ED42A277E3C0068FEB1 = {
			isa = PBXGroup;
			children = (
				699F4EDF2A277E3C0068FEB1 /* TEST */,
				699F4EDE2A277E3C0068FEB1 /* Products */,
			);
			sourceTree = "<group>";
		};
		699F4EDE2A277E3C0068FEB1 /* Products */ = {
			isa = PBXGroup;
			children = (
				699F4EDD2A277E3C0068FEB1 /* TEST.app */,
			);
			name = Products;
			sourceTree = "<group>";
		};
		699F4EDF2A277E3C0068FEB1 /* TEST */ = {
			isa = PBXGroup;
			children = (
				699F4EE02A277E3C0068FEB1 /* TESTApp.swift */,
				69E073632A51702E00D9414A /* AnimationCircle.swift */,
				699F4EE22A277E3C0068FEB1 /* ContentView.swift */,
				6959343C2A508E9E00241180 /* OnBoardingView.swift */,
				698195462A388E3000ED0529 /* MatchedView.swift */,
				698195442A37709300ED0529 /* SettingsView.swift */,
				69E073672A5178DF00D9414A /* HistoryVIew.swift */,
				69E073652A5176CA00D9414A /* SettingsViewLabelView.swift */,
				69E073692A51791000D9414A /* HistoryViewLabel.swift */,
				699F4EE42A277E3D0068FEB1 /* Assets.xcassets */,
				699F4EE62A277E3D0068FEB1 /* Preview Content */,
			);
			path = TEST;
			sourceTree = "<group>";
		};
		699F4EE62A277E3D0068FEB1 /* Preview Content */ = {
			isa = PBXGroup;
			children = (
				699F4EE72A277E3D0068FEB1 /* Preview Assets.xcassets */,
			);
			path = "Preview Content";
			sourceTree = "<group>";
		};
/* End PBXGroup section */

/* Begin PBXNativeTarget section */
		699F4EDC2A277E3C0068FEB1 /* TEST */ = {
			isa = PBXNativeTarget;
			buildConfigurationList = 699F4EEB2A277E3D0068FEB1 /* Build configuration list for PBXNativeTarget "TEST" */;
			buildPhases = (
				699F4ED92A277E3C0068FEB1 /* Sources */,
				699F4EDA2A277E3C0068FEB1 /* Frameworks */,
				699F4EDB2A277E3C0068FEB1 /* Resources */,
			);
			buildRules = (
			);
			dependencies = (
			);
			name = TEST;
			productName = TEST;
			productReference = 699F4EDD2A277E3C0068FEB1 /* TEST.app */;
			productType = "com.apple.product-type.application";
		};
/* End PBXNativeTarget section */

/* Begin PBXProject section */
		699F4ED52A277E3C0068FEB1 /* Project object */ = {
			isa = PBXProject;
			attributes = {
				BuildIndependentTargetsInParallel = 1;
				LastSwiftUpdateCheck = 1430;
				LastUpgradeCheck = 1430;
				TargetAttributes = {
					699F4EDC2A277E3C0068FEB1 = {
						CreatedOnToolsVersion = 14.3;
					};
				};
			};
			buildConfigurationList = 699F4ED82A277E3C0068FEB1 /* Build configuration list for PBXProject "TEST" */;
			compatibilityVersion = "Xcode 14.0";
			developmentRegion = en;
			hasScannedForEncodings = 0;
			knownRegions = (
				en,
				Base,
			);
			mainGroup = 699F4ED42A277E3C0068FEB1;
			productRefGroup = 699F4EDE2A277E3C0068FEB1 /* Products */;
			projectDirPath = "";
			projectRoot = "";
			targets = (
				699F4EDC2A277E3C0068FEB1 /* TEST */,
			);
		};
/* End PBXProject section */

/* Begin PBXResourcesBuildPhase section */
		699F4EDB2A277E3C0068FEB1 /* Resources */ = {
			isa = PBXResourcesBuildPhase;
			buildActionMask = 2147483647;
			files = (
				699F4EE82A277E3D0068FEB1 /* Preview Assets.xcassets in Resources */,
				699F4EE52A277E3D0068FEB1 /* Assets.xcassets in Resources */,
			);
			runOnlyForDeploymentPostprocessing = 0;
		};
/* End PBXResourcesBuildPhase section */

/* Begin PBXSourcesBuildPhase section */
		699F4ED92A277E3C0068FEB1 /* Sources */ = {
			isa = PBXSourcesBuildPhase;
			buildActionMask = 2147483647;
			files = (
				6959343D2A508E9E00241180 /* OnBoardingView.swift in Sources */,
				69E0736A2A51791000D9414A /* HistoryViewLabel.swift in Sources */,
				69E073682A5178DF00D9414A /* HistoryVIew.swift in Sources */,
				698195452A37709300ED0529 /* SettingsView.swift in Sources */,
				69E073662A5176CA00D9414A /* SettingsViewLabelView.swift in Sources */,
				699F4EE32A277E3C0068FEB1 /* ContentView.swift in Sources */,
				699F4EE12A277E3C0068FEB1 /* TESTApp.swift in Sources */,
				69E073642A51702E00D9414A /* AnimationCircle.swift in Sources */,
				698195472A388E3000ED0529 /* MatchedView.swift in Sources */,
			);
			runOnlyForDeploymentPostprocessing = 0;
		};
/* End PBXSourcesBuildPhase section */

/* Begin XCBuildConfiguration section */
		699F4EE92A277E3D0068FEB1 /* Debug */ = {
			isa = XCBuildConfiguration;
			buildSettings = {
				ALWAYS_SEARCH_USER_PATHS = NO;
				CLANG_ANALYZER_NONNULL = YES;
				CLANG_ANALYZER_NUMBER_OBJECT_CONVERSION = YES_AGGRESSIVE;
				CLANG_CXX_LANGUAGE_STANDARD = "gnu++20";
				CLANG_ENABLE_MODULES = YES;
				CLANG_ENABLE_OBJC_ARC = YES;
				CLANG_ENABLE_OBJC_WEAK = YES;
				CLANG_WARN_BLOCK_CAPTURE_AUTORELEASING = YES;
				CLANG_WARN_BOOL_CONVERSION = YES;
				CLANG_WARN_COMMA = YES;
				CLANG_WARN_CONSTANT_CONVERSION = YES;
				CLANG_WARN_DEPRECATED_OBJC_IMPLEMENTATIONS = YES;
				CLANG_WARN_DIRECT_OBJC_ISA_USAGE = YES_ERROR;
				CLANG_WARN_DOCUMENTATION_COMMENTS = YES;
				CLANG_WARN_EMPTY_BODY = YES;
				CLANG_WARN_ENUM_CONVERSION = YES;
				CLANG_WARN_INFINITE_RECURSION = YES;
				CLANG_WARN_INT_CONVERSION = YES;
				CLANG_WARN_NON_LITERAL_NULL_CONVERSION = YES;
				CLANG_WARN_OBJC_IMPLICIT_RETAIN_SELF = YES;
				CLANG_WARN_OBJC_LITERAL_CONVERSION = YES;
				CLANG_WARN_OBJC_ROOT_CLASS = YES_ERROR;
				CLANG_WARN_QUOTED_INCLUDE_IN_FRAMEWORK_HEADER = YES;
				CLANG_WARN_RANGE_LOOP_ANALYSIS = YES;
				CLANG_WARN_STRICT_PROTOTYPES = YES;
				CLANG_WARN_SUSPICIOUS_MOVE = YES;
				CLANG_WARN_UNGUARDED_AVAILABILITY = YES_AGGRESSIVE;
				CLANG_WARN_UNREACHABLE_CODE = YES;
				CLANG_WARN__DUPLICATE_METHOD_MATCH = YES;
				COPY_PHASE_STRIP = NO;
				DEBUG_INFORMATION_FORMAT = dwarf;
				ENABLE_STRICT_OBJC_MSGSEND = YES;
				ENABLE_TESTABILITY = YES;
				GCC_C_LANGUAGE_STANDARD = gnu11;
				GCC_DYNAMIC_NO_PIC = NO;
				GCC_NO_COMMON_BLOCKS = YES;
				GCC_OPTIMIZATION_LEVEL = 0;
				GCC_PREPROCESSOR_DEFINITIONS = (
					"DEBUG=1",
					"$(inherited)",
				);
				GCC_WARN_64_TO_32_BIT_CONVERSION = YES;
				GCC_WARN_ABOUT_RETURN_TYPE = YES_ERROR;
				GCC_WARN_UNDECLARED_SELECTOR = YES;
				GCC_WARN_UNINITIALIZED_AUTOS = YES_AGGRESSIVE;
				GCC_WARN_UNUSED_FUNCTION = YES;
				GCC_WARN_UNUSED_VARIABLE = YES;
				IPHONEOS_DEPLOYMENT_TARGET = 16.4;
				MTL_ENABLE_DEBUG_INFO = INCLUDE_SOURCE;
				MTL_FAST_MATH = YES;
				ONLY_ACTIVE_ARCH = YES;
				SDKROOT = iphoneos;
				SWIFT_ACTIVE_COMPILATION_CONDITIONS = DEBUG;
				SWIFT_OPTIMIZATION_LEVEL = "-Onone";
			};
			name = Debug;
		};
		699F4EEA2A277E3D0068FEB1 /* Release */ = {
			isa = XCBuildConfiguration;
			buildSettings = {
				ALWAYS_SEARCH_USER_PATHS = NO;
				CLANG_ANALYZER_NONNULL = YES;
				CLANG_ANALYZER_NUMBER_OBJECT_CONVERSION = YES_AGGRESSIVE;
				CLANG_CXX_LANGUAGE_STANDARD = "gnu++20";
				CLANG_ENABLE_MODULES = YES;
				CLANG_ENABLE_OBJC_ARC = YES;
				CLANG_ENABLE_OBJC_WEAK = YES;
				CLANG_WARN_BLOCK_CAPTURE_AUTORELEASING = YES;
				CLANG_WARN_BOOL_CONVERSION = YES;
				CLANG_WARN_COMMA = YES;
				CLANG_WARN_CONSTANT_CONVERSION = YES;
				CLANG_WARN_DEPRECATED_OBJC_IMPLEMENTATIONS = YES;
				CLANG_WARN_DIRECT_OBJC_ISA_USAGE = YES_ERROR;
				CLANG_WARN_DOCUMENTATION_COMMENTS = YES;
				CLANG_WARN_EMPTY_BODY = YES;
				CLANG_WARN_ENUM_CONVERSION = YES;
				CLANG_WARN_INFINITE_RECURSION = YES;
				CLANG_WARN_INT_CONVERSION = YES;
				CLANG_WARN_NON_LITERAL_NULL_CONVERSION = YES;
				CLANG_WARN_OBJC_IMPLICIT_RETAIN_SELF = YES;
				CLANG_WARN_OBJC_LITERAL_CONVERSION = YES;
				CLANG_WARN_OBJC_ROOT_CLASS = YES_ERROR;
				CLANG_WARN_QUOTED_INCLUDE_IN_FRAMEWORK_HEADER = YES;
				CLANG_WARN_RANGE_LOOP_ANALYSIS = YES;
				CLANG_WARN_STRICT_PROTOTYPES = YES;
				CLANG_WARN_SUSPICIOUS_MOVE = YES;
				CLANG_WARN_UNGUARDED_AVAILABILITY = YES_AGGRESSIVE;
				CLANG_WARN_UNREACHABLE_CODE = YES;
				CLANG_WARN__DUPLICATE_METHOD_MATCH = YES;
				COPY_PHASE_STRIP = NO;
				DEBUG_INFORMATION_FORMAT = "dwarf-with-dsym";
				ENABLE_NS_ASSERTIONS = NO;
				ENABLE_STRICT_OBJC_MSGSEND = YES;
				GCC_C_LANGUAGE_STANDARD = gnu11;
				GCC_NO_COMMON_BLOCKS = YES;
				GCC_WARN_64_TO_32_BIT_CONVERSION = YES;
				GCC_WARN_ABOUT_RETURN_TYPE = YES_ERROR;
				GCC_WARN_UNDECLARED_SELECTOR = YES;
				GCC_WARN_UNINITIALIZED_AUTOS = YES_AGGRESSIVE;
				GCC_WARN_UNUSED_FUNCTION = YES;
				GCC_WARN_UNUSED_VARIABLE = YES;
				IPHONEOS_DEPLOYMENT_TARGET = 16.4;
				MTL_ENABLE_DEBUG_INFO = NO;
				MTL_FAST_MATH = YES;
				SDKROOT = iphoneos;
				SWIFT_COMPILATION_MODE = wholemodule;
				SWIFT_OPTIMIZATION_LEVEL = "-O";
				VALIDATE_PRODUCT = YES;
			};
			name = Release;
		};
		699F4EEC2A277E3D0068FEB1 /* Debug */ = {
			isa = XCBuildConfiguration;
			buildSettings = {
				ASSETCATALOG_COMPILER_APPICON_NAME = AppIcon;
				ASSETCATALOG_COMPILER_GLOBAL_ACCENT_COLOR_NAME = AccentColor;
				CODE_SIGN_STYLE = Automatic;
				CURRENT_PROJECT_VERSION = 1;
				DEVELOPMENT_ASSET_PATHS = "\"TEST/Preview Content\"";
				DEVELOPMENT_TEAM = T479J3S372;
				ENABLE_PREVIEWS = YES;
				GENERATE_INFOPLIST_FILE = YES;
				INFOPLIST_KEY_UIApplicationSceneManifest_Generation = YES;
				INFOPLIST_KEY_UIApplicationSupportsIndirectInputEvents = YES;
				INFOPLIST_KEY_UILaunchScreen_Generation = YES;
				INFOPLIST_KEY_UISupportedInterfaceOrientations_iPad = "UIInterfaceOrientationPortrait UIInterfaceOrientationPortraitUpsideDown UIInterfaceOrientationLandscapeLeft UIInterfaceOrientationLandscapeRight";
				INFOPLIST_KEY_UISupportedInterfaceOrientations_iPhone = "UIInterfaceOrientationPortrait UIInterfaceOrientationLandscapeLeft UIInterfaceOrientationLandscapeRight";
				LD_RUNPATH_SEARCH_PATHS = (
					"$(inherited)",
					"@executable_path/Frameworks",
				);
				MARKETING_VERSION = 1.0;
				PRODUCT_BUNDLE_IDENTIFIER = COM.FABRIZIOCHIARIELLO.TE;
				PRODUCT_NAME = "$(TARGET_NAME)";
				SWIFT_EMIT_LOC_STRINGS = YES;
				SWIFT_VERSION = 5.0;
				TARGETED_DEVICE_FAMILY = "1,2";
			};
			name = Debug;
		};
		699F4EED2A277E3D0068FEB1 /* Release */ = {
			isa = XCBuildConfiguration;
			buildSettings = {
				ASSETCATALOG_COMPILER_APPICON_NAME = AppIcon;
				ASSETCATALOG_COMPILER_GLOBAL_ACCENT_COLOR_NAME = AccentColor;
				CODE_SIGN_STYLE = Automatic;
				CURRENT_PROJECT_VERSION = 1;
				DEVELOPMENT_ASSET_PATHS = "\"TEST/Preview Content\"";
				DEVELOPMENT_TEAM = T479J3S372;
				ENABLE_PREVIEWS = YES;
				GENERATE_INFOPLIST_FILE = YES;
				INFOPLIST_KEY_UIApplicationSceneManifest_Generation = YES;
				INFOPLIST_KEY_UIApplicationSupportsIndirectInputEvents = YES;
				INFOPLIST_KEY_UILaunchScreen_Generation = YES;
				INFOPLIST_KEY_UISupportedInterfaceOrientations_iPad = "UIInterfaceOrientationPortrait UIInterfaceOrientationPortraitUpsideDown UIInterfaceOrientationLandscapeLeft UIInterfaceOrientationLandscapeRight";
				INFOPLIST_KEY_UISupportedInterfaceOrientations_iPhone = "UIInterfaceOrientationPortrait UIInterfaceOrientationLandscapeLeft UIInterfaceOrientationLandscapeRight";
				LD_RUNPATH_SEARCH_PATHS = (
					"$(inherited)",
					"@executable_path/Frameworks",
				);
				MARKETING_VERSION = 1.0;
				PRODUCT_BUNDLE_IDENTIFIER = COM.FABRIZIOCHIARIELLO.TE;
				PRODUCT_NAME = "$(TARGET_NAME)";
				SWIFT_EMIT_LOC_STRINGS = YES;
				SWIFT_VERSION = 5.0;
				TARGETED_DEVICE_FAMILY = "1,2";
			};
			name = Release;
		};
/* End XCBuildConfiguration section */

/* Begin XCConfigurationList section */
		699F4ED82A277E3C0068FEB1 /* Build configuration list for PBXProject "TEST" */ = {
			isa = XCConfigurationList;
			buildConfigurations = (
				699F4EE92A277E3D0068FEB1 /* Debug */,
				699F4EEA2A277E3D0068FEB1 /* Release */,
			);
			defaultConfigurationIsVisible = 0;
			defaultConfigurationName = Release;
		};
		699F4EEB2A277E3D0068FEB1 /* Build configuration list for PBXNativeTarget "TEST" */ = {
			isa = XCConfigurationList;
			buildConfigurations = (
				699F4EEC2A277E3D0068FEB1 /* Debug */,
				699F4EED2A277E3D0068FEB1 /* Release */,
			);
			defaultConfigurationIsVisible = 0;
			defaultConfigurationName = Release;
		};
/* End XCConfigurationList section */
	};
	rootObject = 699F4ED52A277E3C0068FEB1 /* Project object */;
}
